
Microsoft Visual Studio Solution File, Format Version 12.00
# Visual Studio 15
VisualStudioVersion = 15.0.27130.2010
MinimumVisualStudioVersion = 10.0.40219.1
Project("{FAE04EC0-301F-11D3-BF4B-00C04F79EFBC}") = "OrderingApplication", "OrderingApplication\OrderingApplication.csproj", "{167E000E-ACA0-4DF4-B972-FC7C5BB94F0F}"
EndProject
Global
	GlobalSection(SolutionConfigurationPlatforms) = preSolution
		Debug|Any CPU = Debug|Any CPU
		Release|Any CPU = Release|Any CPU
	EndGlobalSection
	GlobalSection(ProjectConfigurationPlatforms) = postSolution
		{167E000E-ACA0-4DF4-B972-FC7C5BB94F0F}.Debug|Any CPU.ActiveCfg = Debug|Any CPU
		{167E000E-ACA0-4DF4-B972-FC7C5BB94F0F}.Debug|Any CPU.Build.0 = Debug|Any CPU
		{167E000E-ACA0-4DF4-B972-FC7C5BB94F0F}.Release|Any CPU.ActiveCfg = Release|Any CPU
		{167E000E-ACA0-4DF4-B972-FC7C5BB94F0F}.Release|Any CPU.Build.0 = Release|Any CPU
	EndGlobalSection
	GlobalSection(SolutionProperties) = preSolution
		HideSolutionNode = FALSE
	EndGlobalSection
	GlobalSection(ExtensibilityGlobals) = postSolution
		SolutionGuid = {E622FE3A-30EA-4300-90B4-2A85B6E7643B}
	EndGlobalSection
EndGlobal
